
Microsoft Visual Studio Solution File, Format Version 12.00
# Visual Studio 15
VisualStudioVersion = 15.0.28307.1062
MinimumVisualStudioVersion = 10.0.40219.1
Project("{FAE04EC0-301F-11D3-BF4B-00C04F79EFBC}") = "Mvc_Start", "Mvc_Start\Mvc_Start.csproj", "{DFB98BFA-2BC9-4669-8F47-55C018828B62}"
EndProject
Project("{FAE04EC0-301F-11D3-BF4B-00C04F79EFBC}") = "Mvc_Start.Tests", "Mvc_Start.Tests\Mvc_Start.Tests.csproj", "{1AC1F421-CC9A-438D-8833-D8B6086B394F}"
EndProject
Global
	GlobalSection(SolutionConfigurationPlatforms) = preSolution
		Debug|Any CPU = Debug|Any CPU
		Release|Any CPU = Release|Any CPU
	EndGlobalSection
	GlobalSection(ProjectConfigurationPlatforms) = postSolution
		{DFB98BFA-2BC9-4669-8F47-55C018828B62}.Debug|Any CPU.ActiveCfg = Debug|Any CPU
		{DFB98BFA-2BC9-4669-8F47-55C018828B62}.Debug|Any CPU.Build.0 = Debug|Any CPU
		{DFB98BFA-2BC9-4669-8F47-55C018828B62}.Release|Any CPU.ActiveCfg = Release|Any CPU
		{DFB98BFA-2BC9-4669-8F47-55C018828B62}.Release|Any CPU.Build.0 = Release|Any CPU
		{1AC1F421-CC9A-438D-8833-D8B6086B394F}.Debug|Any CPU.ActiveCfg = Debug|Any CPU
		{1AC1F421-CC9A-438D-8833-D8B6086B394F}.Debug|Any CPU.Build.0 = Debug|Any CPU
		{1AC1F421-CC9A-438D-8833-D8B6086B394F}.Release|Any CPU.ActiveCfg = Release|Any CPU
		{1AC1F421-CC9A-438D-8833-D8B6086B394F}.Release|Any CPU.Build.0 = Release|Any CPU
	EndGlobalSection
	GlobalSection(SolutionProperties) = preSolution
		HideSolutionNode = FALSE
	EndGlobalSection
	GlobalSection(ExtensibilityGlobals) = postSolution
		SolutionGuid = {820BDFD7-3A9A-4149-B462-F2AEDCAD24A2}
	EndGlobalSection
EndGlobal
