
Microsoft Visual Studio Solution File, Format Version 12.00
# Visual Studio Version 16
VisualStudioVersion = 16.0.30011.22
MinimumVisualStudioVersion = 10.0.40219.1
Project("{FAE04EC0-301F-11D3-BF4B-00C04F79EFBC}") = "Mvc_CoreApplication", "Mvc_CoreApplication\Mvc_CoreApplication.csproj", "{4262B7C6-66AA-4B4E-B39A-B887428883DC}"
EndProject
Global
	GlobalSection(SolutionConfigurationPlatforms) = preSolution
		Debug|Any CPU = Debug|Any CPU
		Release|Any CPU = Release|Any CPU
	EndGlobalSection
	GlobalSection(ProjectConfigurationPlatforms) = postSolution
		{4262B7C6-66AA-4B4E-B39A-B887428883DC}.Debug|Any CPU.ActiveCfg = Debug|Any CPU
		{4262B7C6-66AA-4B4E-B39A-B887428883DC}.Debug|Any CPU.Build.0 = Debug|Any CPU
		{4262B7C6-66AA-4B4E-B39A-B887428883DC}.Release|Any CPU.ActiveCfg = Release|Any CPU
		{4262B7C6-66AA-4B4E-B39A-B887428883DC}.Release|Any CPU.Build.0 = Release|Any CPU
	EndGlobalSection
	GlobalSection(SolutionProperties) = preSolution
		HideSolutionNode = FALSE
	EndGlobalSection
	GlobalSection(ExtensibilityGlobals) = postSolution
		SolutionGuid = {72F31E83-A172-448D-B87F-4FD5E7C0E81E}
	EndGlobalSection
EndGlobal
